{
  "name": "portfolio-thales-nunes",
  "lockfileVersion": 3,
  "requires": true,
  "packages": {
    "": {
      "devDependencies": {
        "baseline-browser-mapping": "^2.8.29"
      }
    },
    "node_modules/baseline-browser-mapping": {
      "version": "2.8.29",
      "resolved": "https://registry.npmjs.org/baseline-browser-mapping/-/baseline-browser-mapping-2.8.29.tgz",
      "integrity": "sha512-sXdt2elaVnhpDNRDz+1BDx1JQoJRuNk7oVlAlbGiFkLikHCAQiccexF/9e91zVi6RCgqspl04aP+6Cnl9zRLrA==",
      "dev": true,
      "license": "Apache-2.0",
      "bin": {
        "baseline-browser-mapping": "dist/cli.js"
      }
    }
  }
}
